{
  "version": 4,
  "terraform_version": "1.1.3",
  "serial": 3,
  "lineage": "baef1694-2a1e-f405-98d0-c2b32ff3df1b",
  "outputs": {
    "random_string": {
      "value": "C�1BqnrHOdsM4fQn",
      "type": "string"
    }
  },
  "resources": [
    {
      "mode": "managed",
      "type": "random_string",
      "name": "random",
      "provider": "provider[\"registry.terraform.io/hashicorp/random\"]",
      "instances": [
        {
          "schema_version": 1,
          "attributes": {
            "id": "C�1BqnrHOdsM4fQn",
            "keepers": null,
            "length": 16,
            "lower": true,
            "min_lower": 0,
            "min_numeric": 0,
            "min_special": 0,
            "min_upper": 0,
            "number": true,
            "override_special": "/@£$",
            "result": "C�1BqnrHOdsM4fQn",
            "special": true,
            "upper": true
          },
          "sensitive_attributes": [],
          "private": "eyJzY2hlbWFfdmVyc2lvbiI6IjEifQ=="
        }
      ]
    }
  ]
}
